
Microsoft Visual Studio Solution File, Format Version 12.00
# Visual Studio Version 16
VisualStudioVersion = 16.0.32106.194
MinimumVisualStudioVersion = 10.0.40219.1
Project("{9A19103F-16F7-4668-BE54-9A1E7A4F7556}") = "WebBanThietBiAmThanh", "WebBanThietBiAmThanh\WebBanThietBiAmThanh.csproj", "{04E11AE1-6A83-4860-BA3E-35B3206BB335}"
EndProject
Global
	GlobalSection(SolutionConfigurationPlatforms) = preSolution
		Debug|Any CPU = Debug|Any CPU
		Release|Any CPU = Release|Any CPU
	EndGlobalSection
	GlobalSection(ProjectConfigurationPlatforms) = postSolution
		{04E11AE1-6A83-4860-BA3E-35B3206BB335}.Debug|Any CPU.ActiveCfg = Debug|Any CPU
		{04E11AE1-6A83-4860-BA3E-35B3206BB335}.Debug|Any CPU.Build.0 = Debug|Any CPU
		{04E11AE1-6A83-4860-BA3E-35B3206BB335}.Release|Any CPU.ActiveCfg = Release|Any CPU
		{04E11AE1-6A83-4860-BA3E-35B3206BB335}.Release|Any CPU.Build.0 = Release|Any CPU
	EndGlobalSection
	GlobalSection(SolutionProperties) = preSolution
		HideSolutionNode = FALSE
	EndGlobalSection
	GlobalSection(ExtensibilityGlobals) = postSolution
		SolutionGuid = {8F7B2F53-1126-42F5-84C8-B5B3637C5B06}
	EndGlobalSection
EndGlobal
